
Microsoft Visual Studio Solution File, Format Version 12.00
# Visual Studio 15
VisualStudioVersion = 15.0.26730.15
MinimumVisualStudioVersion = 10.0.40219.1
Project("{FAE04EC0-301F-11D3-BF4B-00C04F79EFBC}") = "WordTicker", "WordTicker\WordTicker.csproj", "{82BC69F2-C373-42D1-A4CA-E63761A7D1B0}"
EndProject
Global
	GlobalSection(SolutionConfigurationPlatforms) = preSolution
		Debug|Any CPU = Debug|Any CPU
		Release|Any CPU = Release|Any CPU
	EndGlobalSection
	GlobalSection(ProjectConfigurationPlatforms) = postSolution
		{82BC69F2-C373-42D1-A4CA-E63761A7D1B0}.Debug|Any CPU.ActiveCfg = Debug|Any CPU
		{82BC69F2-C373-42D1-A4CA-E63761A7D1B0}.Debug|Any CPU.Build.0 = Debug|Any CPU
		{82BC69F2-C373-42D1-A4CA-E63761A7D1B0}.Release|Any CPU.ActiveCfg = Release|Any CPU
		{82BC69F2-C373-42D1-A4CA-E63761A7D1B0}.Release|Any CPU.Build.0 = Release|Any CPU
	EndGlobalSection
	GlobalSection(SolutionProperties) = preSolution
		HideSolutionNode = FALSE
	EndGlobalSection
	GlobalSection(ExtensibilityGlobals) = postSolution
		SolutionGuid = {141CCD91-31A9-4806-8957-B6B9586B6CE9}
	EndGlobalSection
EndGlobal
